
Microsoft Visual Studio Solution File, Format Version 12.00
# Visual Studio Version 16
VisualStudioVersion = 16.0.29025.244
MinimumVisualStudioVersion = 10.0.40219.1
Project("{FAE04EC0-301F-11D3-BF4B-00C04F79EFBC}") = "ZohoCrmIntegrationApi", "ZohoCrmIntegrationApi.csproj", "{2540365C-1852-47EB-B6C8-ACF0772C85F1}"
EndProject
Global
	GlobalSection(SolutionConfigurationPlatforms) = preSolution
		Debug|Any CPU = Debug|Any CPU
		Release|Any CPU = Release|Any CPU
	EndGlobalSection
	GlobalSection(ProjectConfigurationPlatforms) = postSolution
		{2540365C-1852-47EB-B6C8-ACF0772C85F1}.Debug|Any CPU.ActiveCfg = Debug|Any CPU
		{2540365C-1852-47EB-B6C8-ACF0772C85F1}.Debug|Any CPU.Build.0 = Debug|Any CPU
		{2540365C-1852-47EB-B6C8-ACF0772C85F1}.Release|Any CPU.ActiveCfg = Release|Any CPU
		{2540365C-1852-47EB-B6C8-ACF0772C85F1}.Release|Any CPU.Build.0 = Release|Any CPU
	EndGlobalSection
	GlobalSection(SolutionProperties) = preSolution
		HideSolutionNode = FALSE
	EndGlobalSection
	GlobalSection(ExtensibilityGlobals) = postSolution
		SolutionGuid = {F8CD4FCF-43A7-4985-B00D-3F3A0AC92B80}
	EndGlobalSection
EndGlobal
